{"pid":41725,"workspaceFolders":["/Users/bholt/dev/evergreen","/Users/bholt/dev/evergreen/ynab_web","/Users/bholt/dev/evergreen/ynab_account_widget_mobile","/Users/bholt/dev/evergreen/design_integration","/Users/bholt/dev/evergreen/ynab_shared_library","/Users/bholt/dev/evergreen/slik","/Users/bholt/dev/evergreen/ynab_api","/Users/bholt/dev/evergreen/scripts","/Users/bholt/dev/evergreen/ember_addons","/Users/bholt/dev/evergreen/docs","/Users/bholt/dev/evergreen/analytics"],"ideName":"Visual Studio Code","transport":"ws","runningInWindows":false,"authToken":"13b458b4-01b4-4505-b78f-0d7fe011d600"}